
Microsoft Visual Studio Solution File, Format Version 12.00
# Visual Studio 15
VisualStudioVersion = 15.0.28010.2036
MinimumVisualStudioVersion = 10.0.40219.1
Project("{9A19103F-16F7-4668-BE54-9A1E7A4F7556}") = "ExpenseTracker.Repository", "ExpenseTracker.Repository\ExpenseTracker.Repository.csproj", "{63B37AE4-E780-479D-80C2-96E8C55A4C29}"
EndProject
Project("{9A19103F-16F7-4668-BE54-9A1E7A4F7556}") = "ExpenseTracker.Common", "ExpenseTracker.Common\ExpenseTracker.Common.csproj", "{B72479BB-4F22-4959-849C-727B50509B59}"
EndProject
Project("{2150E333-8FDC-42A3-9474-1A3956D46DE8}") = "10-Common", "10-Common", "{FACE8ABB-2162-4DF7-B9CD-38679CC82A94}"
EndProject
Project("{2150E333-8FDC-42A3-9474-1A3956D46DE8}") = "40-Web", "40-Web", "{987907D0-58AC-4D01-9A7C-72BEF515A5D6}"
EndProject
Project("{2150E333-8FDC-42A3-9474-1A3956D46DE8}") = "20-Repository", "20-Repository", "{8F83D6AF-36C3-4E75-93DB-E54DB90F5979}"
EndProject
Project("{2150E333-8FDC-42A3-9474-1A3956D46DE8}") = "30-Core", "30-Core", "{7DD94EEC-302F-4162-861F-352047A5653F}"
EndProject
Project("{9A19103F-16F7-4668-BE54-9A1E7A4F7556}") = "ExpenseTracker.Core", "ExpenseTracker.Core\ExpenseTracker.Core.csproj", "{A3C1E110-4F9F-4980-B8D6-8D4D7432AD37}"
EndProject
Project("{FAE04EC0-301F-11D3-BF4B-00C04F79EFBC}") = "ExpenseTracker.Data", "ExpenseTracker.Data\ExpenseTracker.Data.csproj", "{46806EC1-A407-4C47-9144-7DF0B3AAE653}"
EndProject
Project("{9A19103F-16F7-4668-BE54-9A1E7A4F7556}") = "ExpenseTracker.Web", "ExpenseTracker.Web\ExpenseTracker.Web.csproj", "{4AC99DB0-886B-4B91-8FE6-4CC36F7D656A}"
EndProject
Global
	GlobalSection(SolutionConfigurationPlatforms) = preSolution
		Debug|Any CPU = Debug|Any CPU
		Release|Any CPU = Release|Any CPU
	EndGlobalSection
	GlobalSection(ProjectConfigurationPlatforms) = postSolution
		{63B37AE4-E780-479D-80C2-96E8C55A4C29}.Debug|Any CPU.ActiveCfg = Debug|Any CPU
		{63B37AE4-E780-479D-80C2-96E8C55A4C29}.Debug|Any CPU.Build.0 = Debug|Any CPU
		{63B37AE4-E780-479D-80C2-96E8C55A4C29}.Release|Any CPU.ActiveCfg = Release|Any CPU
		{63B37AE4-E780-479D-80C2-96E8C55A4C29}.Release|Any CPU.Build.0 = Release|Any CPU
		{B72479BB-4F22-4959-849C-727B50509B59}.Debug|Any CPU.ActiveCfg = Debug|Any CPU
		{B72479BB-4F22-4959-849C-727B50509B59}.Debug|Any CPU.Build.0 = Debug|Any CPU
		{B72479BB-4F22-4959-849C-727B50509B59}.Release|Any CPU.ActiveCfg = Release|Any CPU
		{B72479BB-4F22-4959-849C-727B50509B59}.Release|Any CPU.Build.0 = Release|Any CPU
		{A3C1E110-4F9F-4980-B8D6-8D4D7432AD37}.Debug|Any CPU.ActiveCfg = Debug|Any CPU
		{A3C1E110-4F9F-4980-B8D6-8D4D7432AD37}.Debug|Any CPU.Build.0 = Debug|Any CPU
		{A3C1E110-4F9F-4980-B8D6-8D4D7432AD37}.Release|Any CPU.ActiveCfg = Release|Any CPU
		{A3C1E110-4F9F-4980-B8D6-8D4D7432AD37}.Release|Any CPU.Build.0 = Release|Any CPU
		{46806EC1-A407-4C47-9144-7DF0B3AAE653}.Debug|Any CPU.ActiveCfg = Debug|Any CPU
		{46806EC1-A407-4C47-9144-7DF0B3AAE653}.Debug|Any CPU.Build.0 = Debug|Any CPU
		{46806EC1-A407-4C47-9144-7DF0B3AAE653}.Release|Any CPU.ActiveCfg = Release|Any CPU
		{46806EC1-A407-4C47-9144-7DF0B3AAE653}.Release|Any CPU.Build.0 = Release|Any CPU
		{4AC99DB0-886B-4B91-8FE6-4CC36F7D656A}.Debug|Any CPU.ActiveCfg = Debug|Any CPU
		{4AC99DB0-886B-4B91-8FE6-4CC36F7D656A}.Debug|Any CPU.Build.0 = Debug|Any CPU
		{4AC99DB0-886B-4B91-8FE6-4CC36F7D656A}.Release|Any CPU.ActiveCfg = Release|Any CPU
		{4AC99DB0-886B-4B91-8FE6-4CC36F7D656A}.Release|Any CPU.Build.0 = Release|Any CPU
	EndGlobalSection
	GlobalSection(SolutionProperties) = preSolution
		HideSolutionNode = FALSE
	EndGlobalSection
	GlobalSection(NestedProjects) = preSolution
		{63B37AE4-E780-479D-80C2-96E8C55A4C29} = {8F83D6AF-36C3-4E75-93DB-E54DB90F5979}
		{B72479BB-4F22-4959-849C-727B50509B59} = {FACE8ABB-2162-4DF7-B9CD-38679CC82A94}
		{A3C1E110-4F9F-4980-B8D6-8D4D7432AD37} = {7DD94EEC-302F-4162-861F-352047A5653F}
		{46806EC1-A407-4C47-9144-7DF0B3AAE653} = {FACE8ABB-2162-4DF7-B9CD-38679CC82A94}
		{4AC99DB0-886B-4B91-8FE6-4CC36F7D656A} = {987907D0-58AC-4D01-9A7C-72BEF515A5D6}
	EndGlobalSection
	GlobalSection(ExtensibilityGlobals) = postSolution
		SolutionGuid = {CE0A4C4B-0E92-419E-8929-AB2DDBF8851D}
	EndGlobalSection
EndGlobal
